
Microsoft Visual Studio Solution File, Format Version 12.00
# Visual Studio Version 17
VisualStudioVersion = 17.0.31919.166
MinimumVisualStudioVersion = 10.0.40219.1
Project("{9A19103F-16F7-4668-BE54-9A1E7A4F7556}") = "ReadersWriters", "ReadersWriters.csproj", "{4E7F6A9A-C3C9-4988-9772-CA17531FF3BA}"
EndProject
Project("{9A19103F-16F7-4668-BE54-9A1E7A4F7556}") = "FiveDinningPhilosophers", "..\FiveDinningPhilosophers\FiveDinningPhilosophers.csproj", "{054CA3C8-B718-4895-9453-E26473436BFD}"
EndProject
Project("{FAE04EC0-301F-11D3-BF4B-00C04F79EFBC}") = "Promise", "..\Promise\Promise.csproj", "{4420BB22-74C0-414C-90A1-B74B9050B464}"
EndProject
Global
	GlobalSection(SolutionConfigurationPlatforms) = preSolution
		Debug|Any CPU = Debug|Any CPU
		Release|Any CPU = Release|Any CPU
	EndGlobalSection
	GlobalSection(ProjectConfigurationPlatforms) = postSolution
		{4E7F6A9A-C3C9-4988-9772-CA17531FF3BA}.Debug|Any CPU.ActiveCfg = Debug|Any CPU
		{4E7F6A9A-C3C9-4988-9772-CA17531FF3BA}.Debug|Any CPU.Build.0 = Debug|Any CPU
		{4E7F6A9A-C3C9-4988-9772-CA17531FF3BA}.Release|Any CPU.ActiveCfg = Release|Any CPU
		{4E7F6A9A-C3C9-4988-9772-CA17531FF3BA}.Release|Any CPU.Build.0 = Release|Any CPU
		{054CA3C8-B718-4895-9453-E26473436BFD}.Debug|Any CPU.ActiveCfg = Debug|Any CPU
		{054CA3C8-B718-4895-9453-E26473436BFD}.Debug|Any CPU.Build.0 = Debug|Any CPU
		{054CA3C8-B718-4895-9453-E26473436BFD}.Release|Any CPU.ActiveCfg = Release|Any CPU
		{054CA3C8-B718-4895-9453-E26473436BFD}.Release|Any CPU.Build.0 = Release|Any CPU
		{4420BB22-74C0-414C-90A1-B74B9050B464}.Debug|Any CPU.ActiveCfg = Debug|Any CPU
		{4420BB22-74C0-414C-90A1-B74B9050B464}.Debug|Any CPU.Build.0 = Debug|Any CPU
		{4420BB22-74C0-414C-90A1-B74B9050B464}.Release|Any CPU.ActiveCfg = Release|Any CPU
		{4420BB22-74C0-414C-90A1-B74B9050B464}.Release|Any CPU.Build.0 = Release|Any CPU
	EndGlobalSection
	GlobalSection(SolutionProperties) = preSolution
		HideSolutionNode = FALSE
	EndGlobalSection
	GlobalSection(ExtensibilityGlobals) = postSolution
		SolutionGuid = {53FFB3C8-C657-414D-A787-BEAFA8D02DF6}
	EndGlobalSection
EndGlobal
